# This file was autogenerated by Stack.
# You should not edit this file by hand.
# For more information, please see the documentation at:
#   https://docs.haskellstack.org/en/stable/lock_files

packages:
- completed:
    hackage: xmobar-0.41@sha256:ff09056df9932affa170ebac46daf826ef811833402838198da78562f2470c35,14139
    pantry-tree:
      size: 8558
      sha256: 2fc57ba20380cfd8f07722f2457e0773020caa2023bae02550b664380168d40e
  original:
    hackage: xmobar-0.41@sha256:ff09056df9932affa170ebac46daf826ef811833402838198da78562f2470c35,14139
snapshots:
- completed:
    size: 590102
    url: https://raw.githubusercontent.com/commercialhaskell/stackage-snapshots/master/lts/18/27.yaml
    sha256: 79a786674930a89301b0e908fad2822a48882f3d01486117693c377b8edffdbe
  original:
    url: https://raw.githubusercontent.com/commercialhaskell/stackage-snapshots/master/lts/18/27.yaml
